// !$*UTF8*$!
{
	archiveVersion = 1;
	classes = {
	};
	objectVersion = 46;
	objects = {

/* Begin PBXBuildFile section */
		45EBCCFB1B24B74D00D67DAE /* main.cpp in Sources */ = {isa = PBXBuildFile; fileRef = 45EBCCFA1B24B74D00D67DAE /* main.cpp */; };
		45EBCD031B24B77F00D67DAE /* SAFile.cpp in Sources */ = {isa = PBXBuildFile; fileRef = 45EBCD011B24B77F00D67DAE /* SAFile.cpp */; };
/* End PBXBuildFile section */

/* Begin PBXCopyFilesBuildPhase section */
		45EBCCF51B24B74D00D67DAE /* CopyFiles */ = {
			isa = PBXCopyFilesBuildPhase;
			buildActionMask = 2147483647;
			dstPath = /usr/share/man/man1/;
			dstSubfolderSpec = 0;
			files = (
			);
			runOnlyForDeploymentPostprocessing = 1;
		};
/* End PBXCopyFilesBuildPhase section */

/* Begin PBXFileReference section */
		45EBCCF71B24B74D00D67DAE /* SAFile */ = {isa = PBXFileReference; explicitFileType = "compiled.mach-o.executable"; includeInIndex = 0; path = SAFile; sourceTree = BUILT_PRODUCTS_DIR; };
		45EBCCFA1B24B74D00D67DAE /* main.cpp */ = {isa = PBXFileReference; lastKnownFileType = sourcecode.cpp.cpp; path = main.cpp; sourceTree = "<group>"; };
		45EBCD011B24B77F00D67DAE /* SAFile.cpp */ = {isa = PBXFileReference; fileEncoding = 4; lastKnownFileType = sourcecode.cpp.cpp; path = SAFile.cpp; sourceTree = "<group>"; };
		45EBCD021B24B77F00D67DAE /* SAFile.h */ = {isa = PBXFileReference; fileEncoding = 4; lastKnownFileType = sourcecode.c.h; path = SAFile.h; sourceTree = "<group>"; };
/* End PBXFileReference section */

/* Begin PBXFrameworksBuildPhase section */
		45EBCCF41B24B74D00D67DAE /* Frameworks */ = {
			isa = PBXFrameworksBuildPhase;
			buildActionMask = 2147483647;
			files = (
			);
			runOnlyForDeploymentPostprocessing = 0;
		};
/* End PBXFrameworksBuildPhase section */

/* Begin PBXGroup section */
		45EBCCEE1B24B74D00D67DAE = {
			isa = PBXGroup;
			children = (
				45EBCCF91B24B74D00D67DAE /* SAFile */,
				45EBCCF81B24B74D00D67DAE /* Products */,
			);
			sourceTree = "<group>";
		};
		45EBCCF81B24B74D00D67DAE /* Products */ = {
			isa = PBXGroup;
			children = (
				45EBCCF71B24B74D00D67DAE /* SAFile */,
			);
			name = Products;
			sourceTree = "<group>";
		};
		45EBCCF91B24B74D00D67DAE /* SAFile */ = {
			isa = PBXGroup;
			children = (
				45EBCD011B24B77F00D67DAE /* SAFile.cpp */,
				45EBCD021B24B77F00D67DAE /* SAFile.h */,
				45EBCCFA1B24B74D00D67DAE /* main.cpp */,
			);
			path = SAFile;
			sourceTree = "<group>";
		};
/* End PBXGroup section */

/* Begin PBXNativeTarget section */
		45EBCCF61B24B74D00D67DAE /* SAFile */ = {
			isa = PBXNativeTarget;
			buildConfigurationList = 45EBCCFE1B24B74D00D67DAE /* Build configuration list for PBXNativeTarget "SAFile" */;
			buildPhases = (
				45EBCCF31B24B74D00D67DAE /* Sources */,
				45EBCCF41B24B74D00D67DAE /* Frameworks */,
				45EBCCF51B24B74D00D67DAE /* CopyFiles */,
			);
			buildRules = (
			);
			dependencies = (
			);
			name = SAFile;
			productName = SAFile;
			productReference = 45EBCCF71B24B74D00D67DAE /* SAFile */;
			productType = "com.apple.product-type.tool";
		};
/* End PBXNativeTarget section */

/* Begin PBXProject section */
		45EBCCEF1B24B74D00D67DAE /* Project object */ = {
			isa = PBXProject;
			attributes = {
				LastUpgradeCheck = 0630;
				ORGANIZATIONNAME = KitoHo;
				TargetAttributes = {
					45EBCCF61B24B74D00D67DAE = {
						CreatedOnToolsVersion = 6.3.2;
					};
				};
			};
			buildConfigurationList = 45EBCCF21B24B74D00D67DAE /* Build configuration list for PBXProject "SAFile" */;
			compatibilityVersion = "Xcode 3.2";
			developmentRegion = English;
			hasScannedForEncodings = 0;
			knownRegions = (
				en,
			);
			mainGroup = 45EBCCEE1B24B74D00D67DAE;
			productRefGroup = 45EBCCF81B24B74D00D67DAE /* Products */;
			projectDirPath = "";
			projectRoot = "";
			targets = (
				45EBCCF61B24B74D00D67DAE /* SAFile */,
			);
		};
/* End PBXProject section */

/* Begin PBXSourcesBuildPhase section */
		45EBCCF31B24B74D00D67DAE /* Sources */ = {
			isa = PBXSourcesBuildPhase;
			buildActionMask = 2147483647;
			files = (
				45EBCCFB1B24B74D00D67DAE /* main.cpp in Sources */,
				45EBCD031B24B77F00D67DAE /* SAFile.cpp in Sources */,
			);
			runOnlyForDeploymentPostprocessing = 0;
		};
/* End PBXSourcesBuildPhase section */

/* Begin XCBuildConfiguration section */
		45EBCCFC1B24B74D00D67DAE /* Debug */ = {
			isa = XCBuildConfiguration;
			buildSettings = {
				ALWAYS_SEARCH_USER_PATHS = NO;
				CLANG_CXX_LANGUAGE_STANDARD = "gnu++0x";
				CLANG_CXX_LIBRARY = "libc++";
				CLANG_ENABLE_MODULES = YES;
				CLANG_ENABLE_OBJC_ARC = YES;
				CLANG_WARN_BOOL_CONVERSION = YES;
				CLANG_WARN_CONSTANT_CONVERSION = YES;
				CLANG_WARN_DIRECT_OBJC_ISA_USAGE = YES_ERROR;
				CLANG_WARN_EMPTY_BODY = YES;
				CLANG_WARN_ENUM_CONVERSION = YES;
				CLANG_WARN_INT_CONVERSION = YES;
				CLANG_WARN_OBJC_ROOT_CLASS = YES_ERROR;
				CLANG_WARN_UNREACHABLE_CODE = YES;
				CLANG_WARN__DUPLICATE_METHOD_MATCH = YES;
				COPY_PHASE_STRIP = NO;
				DEBUG_INFORMATION_FORMAT = dwarf;
				ENABLE_STRICT_OBJC_MSGSEND = YES;
				GCC_C_LANGUAGE_STANDARD = gnu99;
				GCC_DYNAMIC_NO_PIC = NO;
				GCC_NO_COMMON_BLOCKS = YES;
				GCC_OPTIMIZATION_LEVEL = 0;
				GCC_PREPROCESSOR_DEFINITIONS = (
					"DEBUG=1",
					"$(inherited)",
				);
				GCC_SYMBOLS_PRIVATE_EXTERN = NO;
				GCC_WARN_64_TO_32_BIT_CONVERSION = YES;
				GCC_WARN_ABOUT_RETURN_TYPE = YES_ERROR;
				GCC_WARN_UNDECLARED_SELECTOR = YES;
				GCC_WARN_UNINITIALIZED_AUTOS = YES_AGGRESSIVE;
				GCC_WARN_UNUSED_FUNCTION = YES;
				GCC_WARN_UNUSED_VARIABLE = YES;
				MACOSX_DEPLOYMENT_TARGET = 10.10;
				MTL_ENABLE_DEBUG_INFO = YES;
				ONLY_ACTIVE_ARCH = YES;
				SDKROOT = macosx;
			};
			name = Debug;
		};
		45EBCCFD1B24B74D00D67DAE /* Release */ = {
			isa = XCBuildConfiguration;
			buildSettings = {
				ALWAYS_SEARCH_USER_PATHS = NO;
				CLANG_CXX_LANGUAGE_STANDARD = "gnu++0x";
				CLANG_CXX_LIBRARY = "libc++";
				CLANG_ENABLE_MODULES = YES;
				CLANG_ENABLE_OBJC_ARC = YES;
				CLANG_WARN_BOOL_CONVERSION = YES;
				CLANG_WARN_CONSTANT_CONVERSION = YES;
				CLANG_WARN_DIRECT_OBJC_ISA_USAGE = YES_ERROR;
				CLANG_WARN_EMPTY_BODY = YES;
				CLANG_WARN_ENUM_CONVERSION = YES;
				CLANG_WARN_INT_CONVERSION = YES;
				CLANG_WARN_OBJC_ROOT_CLASS = YES_ERROR;
				CLANG_WARN_UNREACHABLE_CODE = YES;
				CLANG_WARN__DUPLICATE_METHOD_MATCH = YES;
				COPY_PHASE_STRIP = NO;
				DEBUG_INFORMATION_FORMAT = "dwarf-with-dsym";
				ENABLE_NS_ASSERTIONS = NO;
				ENABLE_STRICT_OBJC_MSGSEND = YES;
				GCC_C_LANGUAGE_STANDARD = gnu99;
				GCC_NO_COMMON_BLOCKS = YES;
				GCC_WARN_64_TO_32_BIT_CONVERSION = YES;
				GCC_WARN_ABOUT_RETURN_TYPE = YES_ERROR;
				GCC_WARN_UNDECLARED_SELECTOR = YES;
				GCC_WARN_UNINITIALIZED_AUTOS = YES_AGGRESSIVE;
				GCC_WARN_UNUSED_FUNCTION = YES;
				GCC_WARN_UNUSED_VARIABLE = YES;
				MACOSX_DEPLOYMENT_TARGET = 10.10;
				MTL_ENABLE_DEBUG_INFO = NO;
				SDKROOT = macosx;
			};
			name = Release;
		};
		45EBCCFF1B24B74D00D67DAE /* Debug */ = {
			isa = XCBuildConfiguration;
			buildSettings = {
				PRODUCT_NAME = "$(TARGET_NAME)";
			};
			name = Debug;
		};
		45EBCD001B24B74D00D67DAE /* Release */ = {
			isa = XCBuildConfiguration;
			buildSettings = {
				PRODUCT_NAME = "$(TARGET_NAME)";
			};
			name = Release;
		};
/* End XCBuildConfiguration section */

/* Begin XCConfigurationList section */
		45EBCCF21B24B74D00D67DAE /* Build configuration list for PBXProject "SAFile" */ = {
			isa = XCConfigurationList;
			buildConfigurations = (
				45EBCCFC1B24B74D00D67DAE /* Debug */,
				45EBCCFD1B24B74D00D67DAE /* Release */,
			);
			defaultConfigurationIsVisible = 0;
			defaultConfigurationName = Release;
		};
		45EBCCFE1B24B74D00D67DAE /* Build configuration list for PBXNativeTarget "SAFile" */ = {
			isa = XCConfigurationList;
			buildConfigurations = (
				45EBCCFF1B24B74D00D67DAE /* Debug */,
				45EBCD001B24B74D00D67DAE /* Release */,
			);
			defaultConfigurationIsVisible = 0;
			defaultConfigurationName = Release;
		};
/* End XCConfigurationList section */
	};
	rootObject = 45EBCCEF1B24B74D00D67DAE /* Project object */;
}
